
Microsoft Visual Studio Solution File, Format Version 12.00
# Visual Studio Version 17
VisualStudioVersion = 17.5.33530.505
MinimumVisualStudioVersion = 10.0.40219.1
Project("{FAE04EC0-301F-11D3-BF4B-00C04F79EFBC}") = "1. Integer Operations", "1. Integer Operations\1. Integer Operations.csproj", "{8B3D44D0-86A5-49CD-8487-FB7CE6ADA93A}"
EndProject
Project("{FAE04EC0-301F-11D3-BF4B-00C04F79EFBC}") = "2. Sum Digits", "2. Sum Digits\2. Sum Digits.csproj", "{C7575FE0-E0A5-4BB3-951E-C22F255F4026}"
EndProject
Project("{FAE04EC0-301F-11D3-BF4B-00C04F79EFBC}") = "4. Sum of Chars", "4. Sum of Chars\4. Sum of Chars.csproj", "{FD200170-9FE9-4870-A3C6-F7694C6FAD80}"
EndProject
Project("{FAE04EC0-301F-11D3-BF4B-00C04F79EFBC}") = "3. Elevator", "3. Elevator\3. Elevator.csproj", "{E2172D23-8AB7-49F7-BCAA-195A68C5478B}"
EndProject
Project("{FAE04EC0-301F-11D3-BF4B-00C04F79EFBC}") = "5. Print Part Of ASCII Table", "5. Print Part Of ASCII Table\5. Print Part Of ASCII Table.csproj", "{9380F94D-3DDD-4F34-BF6B-EE8B19DCEAD4}"
EndProject
Project("{FAE04EC0-301F-11D3-BF4B-00C04F79EFBC}") = "6.TriplesofLatinLetters", "6.TriplesofLatinLetters\6.TriplesofLatinLetters.csproj", "{5812BF7B-C5A8-4ADF-9CBB-287B9905ECFE}"
EndProject
Project("{FAE04EC0-301F-11D3-BF4B-00C04F79EFBC}") = "7.WaterOverflow", "7.WaterOverflow\7.WaterOverflow.csproj", "{2DF07535-4000-4FD0-A0D9-BB811BFA0465}"
EndProject
Project("{FAE04EC0-301F-11D3-BF4B-00C04F79EFBC}") = "8.BeerKegs", "8.BeerKegs\8.BeerKegs.csproj", "{B1A955B3-A062-47E0-9EF4-70E6FF58CFC3}"
EndProject
Project("{FAE04EC0-301F-11D3-BF4B-00C04F79EFBC}") = "9.SpiceMustFlow", "9.SpiceMustFlow\9.SpiceMustFlow.csproj", "{DFAACDDF-52D6-4792-8466-F151FD293C54}"
EndProject
Project("{FAE04EC0-301F-11D3-BF4B-00C04F79EFBC}") = "10.PokeMon", "10.PokeMon\10.PokeMon.csproj", "{CCA2FB48-8D50-4C55-8EA6-E6A7495E39F4}"
EndProject
Project("{FAE04EC0-301F-11D3-BF4B-00C04F79EFBC}") = "11.Snowballs", "11.Snowballs\11.Snowballs.csproj", "{7F38A2BD-8170-42BF-A89F-99E6E4D6AEFC}"
EndProject
Global
	GlobalSection(SolutionConfigurationPlatforms) = preSolution
		Debug|Any CPU = Debug|Any CPU
		Release|Any CPU = Release|Any CPU
	EndGlobalSection
	GlobalSection(ProjectConfigurationPlatforms) = postSolution
		{8B3D44D0-86A5-49CD-8487-FB7CE6ADA93A}.Debug|Any CPU.ActiveCfg = Debug|Any CPU
		{8B3D44D0-86A5-49CD-8487-FB7CE6ADA93A}.Debug|Any CPU.Build.0 = Debug|Any CPU
		{8B3D44D0-86A5-49CD-8487-FB7CE6ADA93A}.Release|Any CPU.ActiveCfg = Release|Any CPU
		{8B3D44D0-86A5-49CD-8487-FB7CE6ADA93A}.Release|Any CPU.Build.0 = Release|Any CPU
		{C7575FE0-E0A5-4BB3-951E-C22F255F4026}.Debug|Any CPU.ActiveCfg = Debug|Any CPU
		{C7575FE0-E0A5-4BB3-951E-C22F255F4026}.Debug|Any CPU.Build.0 = Debug|Any CPU
		{C7575FE0-E0A5-4BB3-951E-C22F255F4026}.Release|Any CPU.ActiveCfg = Release|Any CPU
		{C7575FE0-E0A5-4BB3-951E-C22F255F4026}.Release|Any CPU.Build.0 = Release|Any CPU
		{FD200170-9FE9-4870-A3C6-F7694C6FAD80}.Debug|Any CPU.ActiveCfg = Debug|Any CPU
		{FD200170-9FE9-4870-A3C6-F7694C6FAD80}.Debug|Any CPU.Build.0 = Debug|Any CPU
		{FD200170-9FE9-4870-A3C6-F7694C6FAD80}.Release|Any CPU.ActiveCfg = Release|Any CPU
		{FD200170-9FE9-4870-A3C6-F7694C6FAD80}.Release|Any CPU.Build.0 = Release|Any CPU
		{E2172D23-8AB7-49F7-BCAA-195A68C5478B}.Debug|Any CPU.ActiveCfg = Debug|Any CPU
		{E2172D23-8AB7-49F7-BCAA-195A68C5478B}.Debug|Any CPU.Build.0 = Debug|Any CPU
		{E2172D23-8AB7-49F7-BCAA-195A68C5478B}.Release|Any CPU.ActiveCfg = Release|Any CPU
		{E2172D23-8AB7-49F7-BCAA-195A68C5478B}.Release|Any CPU.Build.0 = Release|Any CPU
		{9380F94D-3DDD-4F34-BF6B-EE8B19DCEAD4}.Debug|Any CPU.ActiveCfg = Debug|Any CPU
		{9380F94D-3DDD-4F34-BF6B-EE8B19DCEAD4}.Debug|Any CPU.Build.0 = Debug|Any CPU
		{9380F94D-3DDD-4F34-BF6B-EE8B19DCEAD4}.Release|Any CPU.ActiveCfg = Release|Any CPU
		{9380F94D-3DDD-4F34-BF6B-EE8B19DCEAD4}.Release|Any CPU.Build.0 = Release|Any CPU
		{5812BF7B-C5A8-4ADF-9CBB-287B9905ECFE}.Debug|Any CPU.ActiveCfg = Debug|Any CPU
		{5812BF7B-C5A8-4ADF-9CBB-287B9905ECFE}.Debug|Any CPU.Build.0 = Debug|Any CPU
		{5812BF7B-C5A8-4ADF-9CBB-287B9905ECFE}.Release|Any CPU.ActiveCfg = Release|Any CPU
		{5812BF7B-C5A8-4ADF-9CBB-287B9905ECFE}.Release|Any CPU.Build.0 = Release|Any CPU
		{2DF07535-4000-4FD0-A0D9-BB811BFA0465}.Debug|Any CPU.ActiveCfg = Debug|Any CPU
		{2DF07535-4000-4FD0-A0D9-BB811BFA0465}.Debug|Any CPU.Build.0 = Debug|Any CPU
		{2DF07535-4000-4FD0-A0D9-BB811BFA0465}.Release|Any CPU.ActiveCfg = Release|Any CPU
		{2DF07535-4000-4FD0-A0D9-BB811BFA0465}.Release|Any CPU.Build.0 = Release|Any CPU
		{B1A955B3-A062-47E0-9EF4-70E6FF58CFC3}.Debug|Any CPU.ActiveCfg = Debug|Any CPU
		{B1A955B3-A062-47E0-9EF4-70E6FF58CFC3}.Debug|Any CPU.Build.0 = Debug|Any CPU
		{B1A955B3-A062-47E0-9EF4-70E6FF58CFC3}.Release|Any CPU.ActiveCfg = Release|Any CPU
		{B1A955B3-A062-47E0-9EF4-70E6FF58CFC3}.Release|Any CPU.Build.0 = Release|Any CPU
		{DFAACDDF-52D6-4792-8466-F151FD293C54}.Debug|Any CPU.ActiveCfg = Debug|Any CPU
		{DFAACDDF-52D6-4792-8466-F151FD293C54}.Debug|Any CPU.Build.0 = Debug|Any CPU
		{DFAACDDF-52D6-4792-8466-F151FD293C54}.Release|Any CPU.ActiveCfg = Release|Any CPU
		{DFAACDDF-52D6-4792-8466-F151FD293C54}.Release|Any CPU.Build.0 = Release|Any CPU
		{CCA2FB48-8D50-4C55-8EA6-E6A7495E39F4}.Debug|Any CPU.ActiveCfg = Debug|Any CPU
		{CCA2FB48-8D50-4C55-8EA6-E6A7495E39F4}.Debug|Any CPU.Build.0 = Debug|Any CPU
		{CCA2FB48-8D50-4C55-8EA6-E6A7495E39F4}.Release|Any CPU.ActiveCfg = Release|Any CPU
		{CCA2FB48-8D50-4C55-8EA6-E6A7495E39F4}.Release|Any CPU.Build.0 = Release|Any CPU
		{7F38A2BD-8170-42BF-A89F-99E6E4D6AEFC}.Debug|Any CPU.ActiveCfg = Debug|Any CPU
		{7F38A2BD-8170-42BF-A89F-99E6E4D6AEFC}.Debug|Any CPU.Build.0 = Debug|Any CPU
		{7F38A2BD-8170-42BF-A89F-99E6E4D6AEFC}.Release|Any CPU.ActiveCfg = Release|Any CPU
		{7F38A2BD-8170-42BF-A89F-99E6E4D6AEFC}.Release|Any CPU.Build.0 = Release|Any CPU
	EndGlobalSection
	GlobalSection(SolutionProperties) = preSolution
		HideSolutionNode = FALSE
	EndGlobalSection
	GlobalSection(ExtensibilityGlobals) = postSolution
		SolutionGuid = {587C9E28-4F45-4EED-884C-CC482C4C9A9F}
	EndGlobalSection
EndGlobal
